
Microsoft Visual Studio Solution File, Format Version 12.00
# Visual Studio Version 17
VisualStudioVersion = 17.9.34607.119
MinimumVisualStudioVersion = 10.0.40219.1
Project("{FAE04EC0-301F-11D3-BF4B-00C04F79EFBC}") = "AdPlatforms", "..\src\AdPlatforms\AdPlatforms.csproj", "{C7C8A284-CAB2-4E5D-9C8C-1BE861574D66}"
EndProject
Project("{FAE04EC0-301F-11D3-BF4B-00C04F79EFBC}") = "TestAdPlatform", "..\test\TestAdPlatform\TestAdPlatform.csproj", "{F5C280C3-0439-46FD-88AF-D22890F0226B}"
EndProject
Global
	GlobalSection(SolutionConfigurationPlatforms) = preSolution
		Debug|Any CPU = Debug|Any CPU
		Release|Any CPU = Release|Any CPU
	EndGlobalSection
	GlobalSection(ProjectConfigurationPlatforms) = postSolution
		{C7C8A284-CAB2-4E5D-9C8C-1BE861574D66}.Debug|Any CPU.ActiveCfg = Debug|Any CPU
		{C7C8A284-CAB2-4E5D-9C8C-1BE861574D66}.Debug|Any CPU.Build.0 = Debug|Any CPU
		{C7C8A284-CAB2-4E5D-9C8C-1BE861574D66}.Release|Any CPU.ActiveCfg = Release|Any CPU
		{C7C8A284-CAB2-4E5D-9C8C-1BE861574D66}.Release|Any CPU.Build.0 = Release|Any CPU
		{F5C280C3-0439-46FD-88AF-D22890F0226B}.Debug|Any CPU.ActiveCfg = Debug|Any CPU
		{F5C280C3-0439-46FD-88AF-D22890F0226B}.Debug|Any CPU.Build.0 = Debug|Any CPU
		{F5C280C3-0439-46FD-88AF-D22890F0226B}.Release|Any CPU.ActiveCfg = Release|Any CPU
		{F5C280C3-0439-46FD-88AF-D22890F0226B}.Release|Any CPU.Build.0 = Release|Any CPU
	EndGlobalSection
	GlobalSection(SolutionProperties) = preSolution
		HideSolutionNode = FALSE
	EndGlobalSection
	GlobalSection(ExtensibilityGlobals) = postSolution
		SolutionGuid = {1FAA710F-160F-4F5C-BCB2-58AE5A669FF7}
	EndGlobalSection
EndGlobal
